Microsoft Visual Studio Solution File, Format Version 12.00
# Visual Studio Version 17
VisualStudioVersion = 17.5.2.0
MinimumVisualStudioVersion = 10.0.40219.1
Project("{FAE04EC0-301F-11D3-BF4B-00C04F79EFBC}") = "EFex1", "EFex1.csproj", "{00189737-0412-49FB-D84F-F14C47A5DA5D}"
EndProject
Global
	GlobalSection(SolutionConfigurationPlatforms) = preSolution
		Debug|Any CPU = Debug|Any CPU
		Release|Any CPU = Release|Any CPU
	EndGlobalSection
	GlobalSection(ProjectConfigurationPlatforms) = postSolution
		{00189737-0412-49FB-D84F-F14C47A5DA5D}.Debug|Any CPU.ActiveCfg = Debug|Any CPU
		{00189737-0412-49FB-D84F-F14C47A5DA5D}.Debug|Any CPU.Build.0 = Debug|Any CPU
		{00189737-0412-49FB-D84F-F14C47A5DA5D}.Release|Any CPU.ActiveCfg = Release|Any CPU
		{00189737-0412-49FB-D84F-F14C47A5DA5D}.Release|Any CPU.Build.0 = Release|Any CPU
	EndGlobalSection
	GlobalSection(SolutionProperties) = preSolution
		HideSolutionNode = FALSE
	EndGlobalSection
	GlobalSection(ExtensibilityGlobals) = postSolution
		SolutionGuid = {F8A9287F-BB34-483C-81A0-AA2D079160FC}
	EndGlobalSection
EndGlobal
